// !$*UTF8*$!
{
	archiveVersion = 1;
	classes = {
	};
	objectVersion = 50;
	objects = {

/* Begin PBXBuildFile section */
		38F8BAFD26DFCC9600B4CE03 /* AppDelegate.swift in Sources */ = {isa = PBXBuildFile; fileRef = 38F8BAFC26DFCC9600B4CE03 /* AppDelegate.swift */; };
		38F8BAFF26DFCC9600B4CE03 /* SceneDelegate.swift in Sources */ = {isa = PBXBuildFile; fileRef = 38F8BAFE26DFCC9600B4CE03 /* SceneDelegate.swift */; };
		38F8BB0126DFCC9600B4CE03 /* ViewController.swift in Sources */ = {isa = PBXBuildFile; fileRef = 38F8BB0026DFCC9600B4CE03 /* ViewController.swift */; };
		38F8BB0426DFCC9600B4CE03 /* Main.storyboard in Resources */ = {isa = PBXBuildFile; fileRef = 38F8BB0226DFCC9600B4CE03 /* Main.storyboard */; };
		38F8BB0626DFCC9800B4CE03 /* Assets.xcassets in Resources */ = {isa = PBXBuildFile; fileRef = 38F8BB0526DFCC9800B4CE03 /* Assets.xcassets */; };
		38F8BB0926DFCC9800B4CE03 /* LaunchScreen.storyboard in Resources */ = {isa = PBXBuildFile; fileRef = 38F8BB0726DFCC9800B4CE03 /* LaunchScreen.storyboard */; };
		38F8BB1426DFCC9900B4CE03 /* Exercise_Week2Tests.swift in Sources */ = {isa = PBXBuildFile; fileRef = 38F8BB1326DFCC9900B4CE03 /* Exercise_Week2Tests.swift */; };
		38F8BB1F26DFCC9900B4CE03 /* Exercise_Week2UITests.swift in Sources */ = {isa = PBXBuildFile; fileRef = 38F8BB1E26DFCC9900B4CE03 /* Exercise_Week2UITests.swift */; };
/* End PBXBuildFile section */

/* Begin PBXContainerItemProxy section */
		38F8BB1026DFCC9900B4CE03 /* PBXContainerItemProxy */ = {
			isa = PBXContainerItemProxy;
			containerPortal = 38F8BAF126DFCC9600B4CE03 /* Project object */;
			proxyType = 1;
			remoteGlobalIDString = 38F8BAF826DFCC9600B4CE03;
			remoteInfo = Exercise_Week2;
		};
		38F8BB1B26DFCC9900B4CE03 /* PBXContainerItemProxy */ = {
			isa = PBXContainerItemProxy;
			containerPortal = 38F8BAF126DFCC9600B4CE03 /* Project object */;
			proxyType = 1;
			remoteGlobalIDString = 38F8BAF826DFCC9600B4CE03;
			remoteInfo = Exercise_Week2;
		};
/* End PBXContainerItemProxy section */

/* Begin PBXFileReference section */
		38F8BAF926DFCC9600B4CE03 /* Exercise_Week2.app */ = {isa = PBXFileReference; explicitFileType = wrapper.application; includeInIndex = 0; path = Exercise_Week2.app; sourceTree = BUILT_PRODUCTS_DIR; };
		38F8BAFC26DFCC9600B4CE03 /* AppDelegate.swift */ = {isa = PBXFileReference; lastKnownFileType = sourcecode.swift; path = AppDelegate.swift; sourceTree = "<group>"; };
		38F8BAFE26DFCC9600B4CE03 /* SceneDelegate.swift */ = {isa = PBXFileReference; lastKnownFileType = sourcecode.swift; path = SceneDelegate.swift; sourceTree = "<group>"; };
		38F8BB0026DFCC9600B4CE03 /* ViewController.swift */ = {isa = PBXFileReference; lastKnownFileType = sourcecode.swift; path = ViewController.swift; sourceTree = "<group>"; };
		38F8BB0326DFCC9600B4CE03 /* Base */ = {isa = PBXFileReference; lastKnownFileType = file.storyboard; name = Base; path = Base.lproj/Main.storyboard; sourceTree = "<group>"; };
		38F8BB0526DFCC9800B4CE03 /* Assets.xcassets */ = {isa = PBXFileReference; lastKnownFileType = folder.assetcatalog; path = Assets.xcassets; sourceTree = "<group>"; };
		38F8BB0826DFCC9800B4CE03 /* Base */ = {isa = PBXFileReference; lastKnownFileType = file.storyboard; name = Base; path = Base.lproj/LaunchScreen.storyboard; sourceTree = "<group>"; };
		38F8BB0A26DFCC9800B4CE03 /* Info.plist */ = {isa = PBXFileReference; lastKnownFileType = text.plist.xml; path = Info.plist; sourceTree = "<group>"; };
		38F8BB0F26DFCC9900B4CE03 /* Exercise_Week2Tests.xctest */ = {isa = PBXFileReference; explicitFileType = wrapper.cfbundle; includeInIndex = 0; path = Exercise_Week2Tests.xctest; sourceTree = BUILT_PRODUCTS_DIR; };
		38F8BB1326DFCC9900B4CE03 /* Exercise_Week2Tests.swift */ = {isa = PBXFileReference; lastKnownFileType = sourcecode.swift; path = Exercise_Week2Tests.swift; sourceTree = "<group>"; };
		38F8BB1526DFCC9900B4CE03 /* Info.plist */ = {isa = PBXFileReference; lastKnownFileType = text.plist.xml; path = Info.plist; sourceTree = "<group>"; };
		38F8BB1A26DFCC9900B4CE03 /* Exercise_Week2UITests.xctest */ = {isa = PBXFileReference; explicitFileType = wrapper.cfbundle; includeInIndex = 0; path = Exercise_Week2UITests.xctest; sourceTree = BUILT_PRODUCTS_DIR; };
		38F8BB1E26DFCC9900B4CE03 /* Exercise_Week2UITests.swift */ = {isa = PBXFileReference; lastKnownFileType = sourcecode.swift; path = Exercise_Week2UITests.swift; sourceTree = "<group>"; };
		38F8BB2026DFCC9900B4CE03 /* Info.plist */ = {isa = PBXFileReference; lastKnownFileType = text.plist.xml; path = Info.plist; sourceTree = "<group>"; };
/* End PBXFileReference section */

/* Begin PBXFrameworksBuildPhase section */
		38F8BAF626DFCC9600B4CE03 /* Frameworks */ = {
			isa = PBXFrameworksBuildPhase;
			buildActionMask = 2147483647;
			files = (
			);
			runOnlyForDeploymentPostprocessing = 0;
		};
		38F8BB0C26DFCC9900B4CE03 /* Frameworks */ = {
			isa = PBXFrameworksBuildPhase;
			buildActionMask = 2147483647;
			files = (
			);
			runOnlyForDeploymentPostprocessing = 0;
		};
		38F8BB1726DFCC9900B4CE03 /* Frameworks */ = {
			isa = PBXFrameworksBuildPhase;
			buildActionMask = 2147483647;
			files = (
			);
			runOnlyForDeploymentPostprocessing = 0;
		};
/* End PBXFrameworksBuildPhase section */

/* Begin PBXGroup section */
		38F8BAF026DFCC9600B4CE03 = {
			isa = PBXGroup;
			children = (
				38F8BAFB26DFCC9600B4CE03 /* Exercise_Week2 */,
				38F8BB1226DFCC9900B4CE03 /* Exercise_Week2Tests */,
				38F8BB1D26DFCC9900B4CE03 /* Exercise_Week2UITests */,
				38F8BAFA26DFCC9600B4CE03 /* Products */,
			);
			sourceTree = "<group>";
		};
		38F8BAFA26DFCC9600B4CE03 /* Products */ = {
			isa = PBXGroup;
			children = (
				38F8BAF926DFCC9600B4CE03 /* Exercise_Week2.app */,
				38F8BB0F26DFCC9900B4CE03 /* Exercise_Week2Tests.xctest */,
				38F8BB1A26DFCC9900B4CE03 /* Exercise_Week2UITests.xctest */,
			);
			name = Products;
			sourceTree = "<group>";
		};
		38F8BAFB26DFCC9600B4CE03 /* Exercise_Week2 */ = {
			isa = PBXGroup;
			children = (
				38F8BAFC26DFCC9600B4CE03 /* AppDelegate.swift */,
				38F8BAFE26DFCC9600B4CE03 /* SceneDelegate.swift */,
				38F8BB0026DFCC9600B4CE03 /* ViewController.swift */,
				38F8BB0226DFCC9600B4CE03 /* Main.storyboard */,
				38F8BB0526DFCC9800B4CE03 /* Assets.xcassets */,
				38F8BB0726DFCC9800B4CE03 /* LaunchScreen.storyboard */,
				38F8BB0A26DFCC9800B4CE03 /* Info.plist */,
			);
			path = Exercise_Week2;
			sourceTree = "<group>";
		};
		38F8BB1226DFCC9900B4CE03 /* Exercise_Week2Tests */ = {
			isa = PBXGroup;
			children = (
				38F8BB1326DFCC9900B4CE03 /* Exercise_Week2Tests.swift */,
				38F8BB1526DFCC9900B4CE03 /* Info.plist */,
			);
			path = Exercise_Week2Tests;
			sourceTree = "<group>";
		};
		38F8BB1D26DFCC9900B4CE03 /* Exercise_Week2UITests */ = {
			isa = PBXGroup;
			children = (
				38F8BB1E26DFCC9900B4CE03 /* Exercise_Week2UITests.swift */,
				38F8BB2026DFCC9900B4CE03 /* Info.plist */,
			);
			path = Exercise_Week2UITests;
			sourceTree = "<group>";
		};
/* End PBXGroup section */

/* Begin PBXNativeTarget section */
		38F8BAF826DFCC9600B4CE03 /* Exercise_Week2 */ = {
			isa = PBXNativeTarget;
			buildConfigurationList = 38F8BB2326DFCC9900B4CE03 /* Build configuration list for PBXNativeTarget "Exercise_Week2" */;
			buildPhases = (
				38F8BAF526DFCC9600B4CE03 /* Sources */,
				38F8BAF626DFCC9600B4CE03 /* Frameworks */,
				38F8BAF726DFCC9600B4CE03 /* Resources */,
			);
			buildRules = (
			);
			dependencies = (
			);
			name = Exercise_Week2;
			productName = Exercise_Week2;
			productReference = 38F8BAF926DFCC9600B4CE03 /* Exercise_Week2.app */;
			productType = "com.apple.product-type.application";
		};
		38F8BB0E26DFCC9900B4CE03 /* Exercise_Week2Tests */ = {
			isa = PBXNativeTarget;
			buildConfigurationList = 38F8BB2626DFCC9900B4CE03 /* Build configuration list for PBXNativeTarget "Exercise_Week2Tests" */;
			buildPhases = (
				38F8BB0B26DFCC9900B4CE03 /* Sources */,
				38F8BB0C26DFCC9900B4CE03 /* Frameworks */,
				38F8BB0D26DFCC9900B4CE03 /* Resources */,
			);
			buildRules = (
			);
			dependencies = (
				38F8BB1126DFCC9900B4CE03 /* PBXTargetDependency */,
			);
			name = Exercise_Week2Tests;
			productName = Exercise_Week2Tests;
			productReference = 38F8BB0F26DFCC9900B4CE03 /* Exercise_Week2Tests.xctest */;
			productType = "com.apple.product-type.bundle.unit-test";
		};
		38F8BB1926DFCC9900B4CE03 /* Exercise_Week2UITests */ = {
			isa = PBXNativeTarget;
			buildConfigurationList = 38F8BB2926DFCC9900B4CE03 /* Build configuration list for PBXNativeTarget "Exercise_Week2UITests" */;
			buildPhases = (
				38F8BB1626DFCC9900B4CE03 /* Sources */,
				38F8BB1726DFCC9900B4CE03 /* Frameworks */,
				38F8BB1826DFCC9900B4CE03 /* Resources */,
			);
			buildRules = (
			);
			dependencies = (
				38F8BB1C26DFCC9900B4CE03 /* PBXTargetDependency */,
			);
			name = Exercise_Week2UITests;
			productName = Exercise_Week2UITests;
			productReference = 38F8BB1A26DFCC9900B4CE03 /* Exercise_Week2UITests.xctest */;
			productType = "com.apple.product-type.bundle.ui-testing";
		};
/* End PBXNativeTarget section */

/* Begin PBXProject section */
		38F8BAF126DFCC9600B4CE03 /* Project object */ = {
			isa = PBXProject;
			attributes = {
				LastSwiftUpdateCheck = 1250;
				LastUpgradeCheck = 1250;
				TargetAttributes = {
					38F8BAF826DFCC9600B4CE03 = {
						CreatedOnToolsVersion = 12.5.1;
					};
					38F8BB0E26DFCC9900B4CE03 = {
						CreatedOnToolsVersion = 12.5.1;
						TestTargetID = 38F8BAF826DFCC9600B4CE03;
					};
					38F8BB1926DFCC9900B4CE03 = {
						CreatedOnToolsVersion = 12.5.1;
						TestTargetID = 38F8BAF826DFCC9600B4CE03;
					};
				};
			};
			buildConfigurationList = 38F8BAF426DFCC9600B4CE03 /* Build configuration list for PBXProject "Exercise_Week2" */;
			compatibilityVersion = "Xcode 9.3";
			developmentRegion = en;
			hasScannedForEncodings = 0;
			knownRegions = (
				en,
				Base,
			);
			mainGroup = 38F8BAF026DFCC9600B4CE03;
			productRefGroup = 38F8BAFA26DFCC9600B4CE03 /* Products */;
			projectDirPath = "";
			projectRoot = "";
			targets = (
				38F8BAF826DFCC9600B4CE03 /* Exercise_Week2 */,
				38F8BB0E26DFCC9900B4CE03 /* Exercise_Week2Tests */,
				38F8BB1926DFCC9900B4CE03 /* Exercise_Week2UITests */,
			);
		};
/* End PBXProject section */

/* Begin PBXResourcesBuildPhase section */
		38F8BAF726DFCC9600B4CE03 /* Resources */ = {
			isa = PBXResourcesBuildPhase;
			buildActionMask = 2147483647;
			files = (
				38F8BB0926DFCC9800B4CE03 /* LaunchScreen.storyboard in Resources */,
				38F8BB0626DFCC9800B4CE03 /* Assets.xcassets in Resources */,
				38F8BB0426DFCC9600B4CE03 /* Main.storyboard in Resources */,
			);
			runOnlyForDeploymentPostprocessing = 0;
		};
		38F8BB0D26DFCC9900B4CE03 /* Resources */ = {
			isa = PBXResourcesBuildPhase;
			buildActionMask = 2147483647;
			files = (
			);
			runOnlyForDeploymentPostprocessing = 0;
		};
		38F8BB1826DFCC9900B4CE03 /* Resources */ = {
			isa = PBXResourcesBuildPhase;
			buildActionMask = 2147483647;
			files = (
			);
			runOnlyForDeploymentPostprocessing = 0;
		};
/* End PBXResourcesBuildPhase section */

/* Begin PBXSourcesBuildPhase section */
		38F8BAF526DFCC9600B4CE03 /* Sources */ = {
			isa = PBXSourcesBuildPhase;
			buildActionMask = 2147483647;
			files = (
				38F8BB0126DFCC9600B4CE03 /* ViewController.swift in Sources */,
				38F8BAFD26DFCC9600B4CE03 /* AppDelegate.swift in Sources */,
				38F8BAFF26DFCC9600B4CE03 /* SceneDelegate.swift in Sources */,
			);
			runOnlyForDeploymentPostprocessing = 0;
		};
		38F8BB0B26DFCC9900B4CE03 /* Sources */ = {
			isa = PBXSourcesBuildPhase;
			buildActionMask = 2147483647;
			files = (
				38F8BB1426DFCC9900B4CE03 /* Exercise_Week2Tests.swift in Sources */,
			);
			runOnlyForDeploymentPostprocessing = 0;
		};
		38F8BB1626DFCC9900B4CE03 /* Sources */ = {
			isa = PBXSourcesBuildPhase;
			buildActionMask = 2147483647;
			files = (
				38F8BB1F26DFCC9900B4CE03 /* Exercise_Week2UITests.swift in Sources */,
			);
			runOnlyForDeploymentPostprocessing = 0;
		};
/* End PBXSourcesBuildPhase section */

/* Begin PBXTargetDependency section */
		38F8BB1126DFCC9900B4CE03 /* PBXTargetDependency */ = {
			isa = PBXTargetDependency;
			target = 38F8BAF826DFCC9600B4CE03 /* Exercise_Week2 */;
			targetProxy = 38F8BB1026DFCC9900B4CE03 /* PBXContainerItemProxy */;
		};
		38F8BB1C26DFCC9900B4CE03 /* PBXTargetDependency */ = {
			isa = PBXTargetDependency;
			target = 38F8BAF826DFCC9600B4CE03 /* Exercise_Week2 */;
			targetProxy = 38F8BB1B26DFCC9900B4CE03 /* PBXContainerItemProxy */;
		};
/* End PBXTargetDependency section */

/* Begin PBXVariantGroup section */
		38F8BB0226DFCC9600B4CE03 /* Main.storyboard */ = {
			isa = PBXVariantGroup;
			children = (
				38F8BB0326DFCC9600B4CE03 /* Base */,
			);
			name = Main.storyboard;
			sourceTree = "<group>";
		};
		38F8BB0726DFCC9800B4CE03 /* LaunchScreen.storyboard */ = {
			isa = PBXVariantGroup;
			children = (
				38F8BB0826DFCC9800B4CE03 /* Base */,
			);
			name = LaunchScreen.storyboard;
			sourceTree = "<group>";
		};
/* End PBXVariantGroup section */

/* Begin XCBuildConfiguration section */
		38F8BB2126DFCC9900B4CE03 /* Debug */ = {
			isa = XCBuildConfiguration;
			buildSettings = {
				ALWAYS_SEARCH_USER_PATHS = NO;
				CLANG_ANALYZER_NONNULL = YES;
				CLANG_ANALYZER_NUMBER_OBJECT_CONVERSION = YES_AGGRESSIVE;
				CLANG_CXX_LANGUAGE_STANDARD = "gnu++14";
				CLANG_CXX_LIBRARY = "libc++";
				CLANG_ENABLE_MODULES = YES;
				CLANG_ENABLE_OBJC_ARC = YES;
				CLANG_ENABLE_OBJC_WEAK = YES;
				CLANG_WARN_BLOCK_CAPTURE_AUTORELEASING = YES;
				CLANG_WARN_BOOL_CONVERSION = YES;
				CLANG_WARN_COMMA = YES;
				CLANG_WARN_CONSTANT_CONVERSION = YES;
				CLANG_WARN_DEPRECATED_OBJC_IMPLEMENTATIONS = YES;
				CLANG_WARN_DIRECT_OBJC_ISA_USAGE = YES_ERROR;
				CLANG_WARN_DOCUMENTATION_COMMENTS = YES;
				CLANG_WARN_EMPTY_BODY = YES;
				CLANG_WARN_ENUM_CONVERSION = YES;
				CLANG_WARN_INFINITE_RECURSION = YES;
				CLANG_WARN_INT_CONVERSION = YES;
				CLANG_WARN_NON_LITERAL_NULL_CONVERSION = YES;
				CLANG_WARN_OBJC_IMPLICIT_RETAIN_SELF = YES;
				CLANG_WARN_OBJC_LITERAL_CONVERSION = YES;
				CLANG_WARN_OBJC_ROOT_CLASS = YES_ERROR;
				CLANG_WARN_QUOTED_INCLUDE_IN_FRAMEWORK_HEADER = YES;
				CLANG_WARN_RANGE_LOOP_ANALYSIS = YES;
				CLANG_WARN_STRICT_PROTOTYPES = YES;
				CLANG_WARN_SUSPICIOUS_MOVE = YES;
				CLANG_WARN_UNGUARDED_AVAILABILITY = YES_AGGRESSIVE;
				CLANG_WARN_UNREACHABLE_CODE = YES;
				CLANG_WARN__DUPLICATE_METHOD_MATCH = YES;
				COPY_PHASE_STRIP = NO;
				DEBUG_INFORMATION_FORMAT = dwarf;
				ENABLE_STRICT_OBJC_MSGSEND = YES;
				ENABLE_TESTABILITY = YES;
				GCC_C_LANGUAGE_STANDARD = gnu11;
				GCC_DYNAMIC_NO_PIC = NO;
				GCC_NO_COMMON_BLOCKS = YES;
				GCC_OPTIMIZATION_LEVEL = 0;
				GCC_PREPROCESSOR_DEFINITIONS = (
					"DEBUG=1",
					"$(inherited)",
				);
				GCC_WARN_64_TO_32_BIT_CONVERSION = YES;
				GCC_WARN_ABOUT_RETURN_TYPE = YES_ERROR;
				GCC_WARN_UNDECLARED_SELECTOR = YES;
				GCC_WARN_UNINITIALIZED_AUTOS = YES_AGGRESSIVE;
				GCC_WARN_UNUSED_FUNCTION = YES;
				GCC_WARN_UNUSED_VARIABLE = YES;
				IPHONEOS_DEPLOYMENT_TARGET = 14.5;
				MTL_ENABLE_DEBUG_INFO = INCLUDE_SOURCE;
				MTL_FAST_MATH = YES;
				ONLY_ACTIVE_ARCH = YES;
				SDKROOT = iphoneos;
				SWIFT_ACTIVE_COMPILATION_CONDITIONS = DEBUG;
				SWIFT_OPTIMIZATION_LEVEL = "-Onone";
			};
			name = Debug;
		};
		38F8BB2226DFCC9900B4CE03 /* Release */ = {
			isa = XCBuildConfiguration;
			buildSettings = {
				ALWAYS_SEARCH_USER_PATHS = NO;
				CLANG_ANALYZER_NONNULL = YES;
				CLANG_ANALYZER_NUMBER_OBJECT_CONVERSION = YES_AGGRESSIVE;
				CLANG_CXX_LANGUAGE_STANDARD = "gnu++14";
				CLANG_CXX_LIBRARY = "libc++";
				CLANG_ENABLE_MODULES = YES;
				CLANG_ENABLE_OBJC_ARC = YES;
				CLANG_ENABLE_OBJC_WEAK = YES;
				CLANG_WARN_BLOCK_CAPTURE_AUTORELEASING = YES;
				CLANG_WARN_BOOL_CONVERSION = YES;
				CLANG_WARN_COMMA = YES;
				CLANG_WARN_CONSTANT_CONVERSION = YES;
				CLANG_WARN_DEPRECATED_OBJC_IMPLEMENTATIONS = YES;
				CLANG_WARN_DIRECT_OBJC_ISA_USAGE = YES_ERROR;
				CLANG_WARN_DOCUMENTATION_COMMENTS = YES;
				CLANG_WARN_EMPTY_BODY = YES;
				CLANG_WARN_ENUM_CONVERSION = YES;
				CLANG_WARN_INFINITE_RECURSION = YES;
				CLANG_WARN_INT_CONVERSION = YES;
				CLANG_WARN_NON_LITERAL_NULL_CONVERSION = YES;
				CLANG_WARN_OBJC_IMPLICIT_RETAIN_SELF = YES;
				CLANG_WARN_OBJC_LITERAL_CONVERSION = YES;
				CLANG_WARN_OBJC_ROOT_CLASS = YES_ERROR;
				CLANG_WARN_QUOTED_INCLUDE_IN_FRAMEWORK_HEADER = YES;
				CLANG_WARN_RANGE_LOOP_ANALYSIS = YES;
				CLANG_WARN_STRICT_PROTOTYPES = YES;
				CLANG_WARN_SUSPICIOUS_MOVE = YES;
				CLANG_WARN_UNGUARDED_AVAILABILITY = YES_AGGRESSIVE;
				CLANG_WARN_UNREACHABLE_CODE = YES;
				CLANG_WARN__DUPLICATE_METHOD_MATCH = YES;
				COPY_PHASE_STRIP = NO;
				DEBUG_INFORMATION_FORMAT = "dwarf-with-dsym";
				ENABLE_NS_ASSERTIONS = NO;
				ENABLE_STRICT_OBJC_MSGSEND = YES;
				GCC_C_LANGUAGE_STANDARD = gnu11;
				GCC_NO_COMMON_BLOCKS = YES;
				GCC_WARN_64_TO_32_BIT_CONVERSION = YES;
				GCC_WARN_ABOUT_RETURN_TYPE = YES_ERROR;
				GCC_WARN_UNDECLARED_SELECTOR = YES;
				GCC_WARN_UNINITIALIZED_AUTOS = YES_AGGRESSIVE;
				GCC_WARN_UNUSED_FUNCTION = YES;
				GCC_WARN_UNUSED_VARIABLE = YES;
				IPHONEOS_DEPLOYMENT_TARGET = 14.5;
				MTL_ENABLE_DEBUG_INFO = NO;
				MTL_FAST_MATH = YES;
				SDKROOT = iphoneos;
				SWIFT_COMPILATION_MODE = wholemodule;
				SWIFT_OPTIMIZATION_LEVEL = "-O";
				VALIDATE_PRODUCT = YES;
			};
			name = Release;
		};
		38F8BB2426DFCC9900B4CE03 /* Debug */ = {
			isa = XCBuildConfiguration;
			buildSettings = {
				ASSETCATALOG_COMPILER_APPICON_NAME = AppIcon;
				ASSETCATALOG_COMPILER_GLOBAL_ACCENT_COLOR_NAME = AccentColor;
				CODE_SIGN_STYLE = Automatic;
				DEVELOPMENT_TEAM = 69F73RHS38;
				INFOPLIST_FILE = Exercise_Week2/Info.plist;
				LD_RUNPATH_SEARCH_PATHS = (
					"$(inherited)",
					"@executable_path/Frameworks",
				);
				PRODUCT_BUNDLE_IDENTIFIER = "com.uh.cpl.Exercise-Week2";
				PRODUCT_NAME = "$(TARGET_NAME)";
				SWIFT_VERSION = 5.0;
				TARGETED_DEVICE_FAMILY = "1,2";
			};
			name = Debug;
		};
		38F8BB2526DFCC9900B4CE03 /* Release */ = {
			isa = XCBuildConfiguration;
			buildSettings = {
				ASSETCATALOG_COMPILER_APPICON_NAME = AppIcon;
				ASSETCATALOG_COMPILER_GLOBAL_ACCENT_COLOR_NAME = AccentColor;
				CODE_SIGN_STYLE = Automatic;
				DEVELOPMENT_TEAM = 69F73RHS38;
				INFOPLIST_FILE = Exercise_Week2/Info.plist;
				LD_RUNPATH_SEARCH_PATHS = (
					"$(inherited)",
					"@executable_path/Frameworks",
				);
				PRODUCT_BUNDLE_IDENTIFIER = "com.uh.cpl.Exercise-Week2";
				PRODUCT_NAME = "$(TARGET_NAME)";
				SWIFT_VERSION = 5.0;
				TARGETED_DEVICE_FAMILY = "1,2";
			};
			name = Release;
		};
		38F8BB2726DFCC9900B4CE03 /* Debug */ = {
			isa = XCBuildConfiguration;
			buildSettings = {
				ALWAYS_EMBED_SWIFT_STANDARD_LIBRARIES = YES;
				BUNDLE_LOADER = "$(TEST_HOST)";
				CODE_SIGN_STYLE = Automatic;
				DEVELOPMENT_TEAM = 69F73RHS38;
				INFOPLIST_FILE = Exercise_Week2Tests/Info.plist;
				IPHONEOS_DEPLOYMENT_TARGET = 14.5;
				LD_RUNPATH_SEARCH_PATHS = (
					"$(inherited)",
					"@executable_path/Frameworks",
					"@loader_path/Frameworks",
				);
				PRODUCT_BUNDLE_IDENTIFIER = "com.uh.cpl.Exercise-Week2Tests";
				PRODUCT_NAME = "$(TARGET_NAME)";
				SWIFT_VERSION = 5.0;
				TARGETED_DEVICE_FAMILY = "1,2";
				TEST_HOST = "$(BUILT_PRODUCTS_DIR)/Exercise_Week2.app/Exercise_Week2";
			};
			name = Debug;
		};
		38F8BB2826DFCC9900B4CE03 /* Release */ = {
			isa = XCBuildConfiguration;
			buildSettings = {
				ALWAYS_EMBED_SWIFT_STANDARD_LIBRARIES = YES;
				BUNDLE_LOADER = "$(TEST_HOST)";
				CODE_SIGN_STYLE = Automatic;
				DEVELOPMENT_TEAM = 69F73RHS38;
				INFOPLIST_FILE = Exercise_Week2Tests/Info.plist;
				IPHONEOS_DEPLOYMENT_TARGET = 14.5;
				LD_RUNPATH_SEARCH_PATHS = (
					"$(inherited)",
					"@executable_path/Frameworks",
					"@loader_path/Frameworks",
				);
				PRODUCT_BUNDLE_IDENTIFIER = "com.uh.cpl.Exercise-Week2Tests";
				PRODUCT_NAME = "$(TARGET_NAME)";
				SWIFT_VERSION = 5.0;
				TARGETED_DEVICE_FAMILY = "1,2";
				TEST_HOST = "$(BUILT_PRODUCTS_DIR)/Exercise_Week2.app/Exercise_Week2";
			};
			name = Release;
		};
		38F8BB2A26DFCC9900B4CE03 /* Debug */ = {
			isa = XCBuildConfiguration;
			buildSettings = {
				ALWAYS_EMBED_SWIFT_STANDARD_LIBRARIES = YES;
				CODE_SIGN_STYLE = Automatic;
				DEVELOPMENT_TEAM = 69F73RHS38;
				INFOPLIST_FILE = Exercise_Week2UITests/Info.plist;
				LD_RUNPATH_SEARCH_PATHS = (
					"$(inherited)",
					"@executable_path/Frameworks",
					"@loader_path/Frameworks",
				);
				PRODUCT_BUNDLE_IDENTIFIER = "com.uh.cpl.Exercise-Week2UITests";
				PRODUCT_NAME = "$(TARGET_NAME)";
				SWIFT_VERSION = 5.0;
				TARGETED_DEVICE_FAMILY = "1,2";
				TEST_TARGET_NAME = Exercise_Week2;
			};
			name = Debug;
		};
		38F8BB2B26DFCC9900B4CE03 /* Release */ = {
			isa = XCBuildConfiguration;
			buildSettings = {
				ALWAYS_EMBED_SWIFT_STANDARD_LIBRARIES = YES;
				CODE_SIGN_STYLE = Automatic;
				DEVELOPMENT_TEAM = 69F73RHS38;
				INFOPLIST_FILE = Exercise_Week2UITests/Info.plist;
				LD_RUNPATH_SEARCH_PATHS = (
					"$(inherited)",
					"@executable_path/Frameworks",
					"@loader_path/Frameworks",
				);
				PRODUCT_BUNDLE_IDENTIFIER = "com.uh.cpl.Exercise-Week2UITests";
				PRODUCT_NAME = "$(TARGET_NAME)";
				SWIFT_VERSION = 5.0;
				TARGETED_DEVICE_FAMILY = "1,2";
				TEST_TARGET_NAME = Exercise_Week2;
			};
			name = Release;
		};
/* End XCBuildConfiguration section */

/* Begin XCConfigurationList section */
		38F8BAF426DFCC9600B4CE03 /* Build configuration list for PBXProject "Exercise_Week2" */ = {
			isa = XCConfigurationList;
			buildConfigurations = (
				38F8BB2126DFCC9900B4CE03 /* Debug */,
				38F8BB2226DFCC9900B4CE03 /* Release */,
			);
			defaultConfigurationIsVisible = 0;
			defaultConfigurationName = Release;
		};
		38F8BB2326DFCC9900B4CE03 /* Build configuration list for PBXNativeTarget "Exercise_Week2" */ = {
			isa = XCConfigurationList;
			buildConfigurations = (
				38F8BB2426DFCC9900B4CE03 /* Debug */,
				38F8BB2526DFCC9900B4CE03 /* Release */,
			);
			defaultConfigurationIsVisible = 0;
			defaultConfigurationName = Release;
		};
		38F8BB2626DFCC9900B4CE03 /* Build configuration list for PBXNativeTarget "Exercise_Week2Tests" */ = {
			isa = XCConfigurationList;
			buildConfigurations = (
				38F8BB2726DFCC9900B4CE03 /* Debug */,
				38F8BB2826DFCC9900B4CE03 /* Release */,
			);
			defaultConfigurationIsVisible = 0;
			defaultConfigurationName = Release;
		};
		38F8BB2926DFCC9900B4CE03 /* Build configuration list for PBXNativeTarget "Exercise_Week2UITests" */ = {
			isa = XCConfigurationList;
			buildConfigurations = (
				38F8BB2A26DFCC9900B4CE03 /* Debug */,
				38F8BB2B26DFCC9900B4CE03 /* Release */,
			);
			defaultConfigurationIsVisible = 0;
			defaultConfigurationName = Release;
		};
/* End XCConfigurationList section */
	};
	rootObject = 38F8BAF126DFCC9600B4CE03 /* Project object */;
}
