// !$*UTF8*$!
{
	archiveVersion = 1;
	classes = {
	};
	objectVersion = 56;
	objects = {

/* Begin PBXBuildFile section */
		FA820BB62911EF5000CA50AE /* AppDelegate.swift in Sources */ = {isa = PBXBuildFile; fileRef = FA820BB52911EF5000CA50AE /* AppDelegate.swift */; };
		FA820BB82911EF5000CA50AE /* SceneDelegate.swift in Sources */ = {isa = PBXBuildFile; fileRef = FA820BB72911EF5000CA50AE /* SceneDelegate.swift */; };
		FA820BBA2911EF5000CA50AE /* ViewController.swift in Sources */ = {isa = PBXBuildFile; fileRef = FA820BB92911EF5000CA50AE /* ViewController.swift */; };
		FA820BBD2911EF5000CA50AE /* Main.storyboard in Resources */ = {isa = PBXBuildFile; fileRef = FA820BBB2911EF5000CA50AE /* Main.storyboard */; };
		FA820BBF2911EF5200CA50AE /* Assets.xcassets in Resources */ = {isa = PBXBuildFile; fileRef = FA820BBE2911EF5200CA50AE /* Assets.xcassets */; };
		FA820BC22911EF5200CA50AE /* LaunchScreen.storyboard in Resources */ = {isa = PBXBuildFile; fileRef = FA820BC02911EF5200CA50AE /* LaunchScreen.storyboard */; };
		FA820BD02911F30E00CA50AE /* hw7_watchApp.swift in Sources */ = {isa = PBXBuildFile; fileRef = FA820BCF2911F30E00CA50AE /* hw7_watchApp.swift */; };
		FA820BD22911F30E00CA50AE /* ContentView.swift in Sources */ = {isa = PBXBuildFile; fileRef = FA820BD12911F30E00CA50AE /* ContentView.swift */; };
		FA820BD42911F31000CA50AE /* Assets.xcassets in Resources */ = {isa = PBXBuildFile; fileRef = FA820BD32911F31000CA50AE /* Assets.xcassets */; };
		FA820BD72911F31000CA50AE /* Preview Assets.xcassets in Resources */ = {isa = PBXBuildFile; fileRef = FA820BD62911F31000CA50AE /* Preview Assets.xcassets */; };
		FA820BDA2911F31000CA50AE /* hw7_watch Watch App.app in Embed Watch Content */ = {isa = PBXBuildFile; fileRef = FA820BCD2911F30E00CA50AE /* hw7_watch Watch App.app */; settings = {ATTRIBUTES = (RemoveHeadersOnCopy, ); }; };
		FA820BE029121A0700CA50AE /* ViewModelWatch.swift in Sources */ = {isa = PBXBuildFile; fileRef = FA820BDF29121A0700CA50AE /* ViewModelWatch.swift */; };
/* End PBXBuildFile section */

/* Begin PBXContainerItemProxy section */
		FA820BD82911F31000CA50AE /* PBXContainerItemProxy */ = {
			isa = PBXContainerItemProxy;
			containerPortal = FA820BAA2911EF4F00CA50AE /* Project object */;
			proxyType = 1;
			remoteGlobalIDString = FA820BCC2911F30E00CA50AE;
			remoteInfo = "hw7_watch Watch App";
		};
/* End PBXContainerItemProxy section */

/* Begin PBXCopyFilesBuildPhase section */
		FA820BDE2911F31000CA50AE /* Embed Watch Content */ = {
			isa = PBXCopyFilesBuildPhase;
			buildActionMask = 2147483647;
			dstPath = "$(CONTENTS_FOLDER_PATH)/Watch";
			dstSubfolderSpec = 16;
			files = (
				FA820BDA2911F31000CA50AE /* hw7_watch Watch App.app in Embed Watch Content */,
			);
			name = "Embed Watch Content";
			runOnlyForDeploymentPostprocessing = 0;
		};
/* End PBXCopyFilesBuildPhase section */

/* Begin PBXFileReference section */
		FA820BB22911EF5000CA50AE /* hw7.app */ = {isa = PBXFileReference; explicitFileType = wrapper.application; includeInIndex = 0; path = hw7.app; sourceTree = BUILT_PRODUCTS_DIR; };
		FA820BB52911EF5000CA50AE /* AppDelegate.swift */ = {isa = PBXFileReference; lastKnownFileType = sourcecode.swift; path = AppDelegate.swift; sourceTree = "<group>"; };
		FA820BB72911EF5000CA50AE /* SceneDelegate.swift */ = {isa = PBXFileReference; lastKnownFileType = sourcecode.swift; path = SceneDelegate.swift; sourceTree = "<group>"; };
		FA820BB92911EF5000CA50AE /* ViewController.swift */ = {isa = PBXFileReference; lastKnownFileType = sourcecode.swift; path = ViewController.swift; sourceTree = "<group>"; };
		FA820BBC2911EF5000CA50AE /* Base */ = {isa = PBXFileReference; lastKnownFileType = file.storyboard; name = Base; path = Base.lproj/Main.storyboard; sourceTree = "<group>"; };
		FA820BBE2911EF5200CA50AE /* Assets.xcassets */ = {isa = PBXFileReference; lastKnownFileType = folder.assetcatalog; path = Assets.xcassets; sourceTree = "<group>"; };
		FA820BC12911EF5200CA50AE /* Base */ = {isa = PBXFileReference; lastKnownFileType = file.storyboard; name = Base; path = Base.lproj/LaunchScreen.storyboard; sourceTree = "<group>"; };
		FA820BC32911EF5200CA50AE /* Info.plist */ = {isa = PBXFileReference; lastKnownFileType = text.plist.xml; path = Info.plist; sourceTree = "<group>"; };
		FA820BCD2911F30E00CA50AE /* hw7_watch Watch App.app */ = {isa = PBXFileReference; explicitFileType = wrapper.application; includeInIndex = 0; path = "hw7_watch Watch App.app"; sourceTree = BUILT_PRODUCTS_DIR; };
		FA820BCF2911F30E00CA50AE /* hw7_watchApp.swift */ = {isa = PBXFileReference; lastKnownFileType = sourcecode.swift; path = hw7_watchApp.swift; sourceTree = "<group>"; };
		FA820BD12911F30E00CA50AE /* ContentView.swift */ = {isa = PBXFileReference; lastKnownFileType = sourcecode.swift; path = ContentView.swift; sourceTree = "<group>"; };
		FA820BD32911F31000CA50AE /* Assets.xcassets */ = {isa = PBXFileReference; lastKnownFileType = folder.assetcatalog; path = Assets.xcassets; sourceTree = "<group>"; };
		FA820BD62911F31000CA50AE /* Preview Assets.xcassets */ = {isa = PBXFileReference; lastKnownFileType = folder.assetcatalog; path = "Preview Assets.xcassets"; sourceTree = "<group>"; };
		FA820BDF29121A0700CA50AE /* ViewModelWatch.swift */ = {isa = PBXFileReference; lastKnownFileType = sourcecode.swift; path = ViewModelWatch.swift; sourceTree = "<group>"; };
/* End PBXFileReference section */

/* Begin PBXFrameworksBuildPhase section */
		FA820BAF2911EF5000CA50AE /* Frameworks */ = {
			isa = PBXFrameworksBuildPhase;
			buildActionMask = 2147483647;
			files = (
			);
			runOnlyForDeploymentPostprocessing = 0;
		};
		FA820BCA2911F30E00CA50AE /* Frameworks */ = {
			isa = PBXFrameworksBuildPhase;
			buildActionMask = 2147483647;
			files = (
			);
			runOnlyForDeploymentPostprocessing = 0;
		};
/* End PBXFrameworksBuildPhase section */

/* Begin PBXGroup section */
		FA820BA92911EF4F00CA50AE = {
			isa = PBXGroup;
			children = (
				FA820BB42911EF5000CA50AE /* hw7 */,
				FA820BCE2911F30E00CA50AE /* hw7_watch Watch App */,
				FA820BB32911EF5000CA50AE /* Products */,
			);
			sourceTree = "<group>";
		};
		FA820BB32911EF5000CA50AE /* Products */ = {
			isa = PBXGroup;
			children = (
				FA820BB22911EF5000CA50AE /* hw7.app */,
				FA820BCD2911F30E00CA50AE /* hw7_watch Watch App.app */,
			);
			name = Products;
			sourceTree = "<group>";
		};
		FA820BB42911EF5000CA50AE /* hw7 */ = {
			isa = PBXGroup;
			children = (
				FA820BB52911EF5000CA50AE /* AppDelegate.swift */,
				FA820BB72911EF5000CA50AE /* SceneDelegate.swift */,
				FA820BB92911EF5000CA50AE /* ViewController.swift */,
				FA820BBB2911EF5000CA50AE /* Main.storyboard */,
				FA820BBE2911EF5200CA50AE /* Assets.xcassets */,
				FA820BC02911EF5200CA50AE /* LaunchScreen.storyboard */,
				FA820BC32911EF5200CA50AE /* Info.plist */,
			);
			path = hw7;
			sourceTree = "<group>";
		};
		FA820BCE2911F30E00CA50AE /* hw7_watch Watch App */ = {
			isa = PBXGroup;
			children = (
				FA820BCF2911F30E00CA50AE /* hw7_watchApp.swift */,
				FA820BD12911F30E00CA50AE /* ContentView.swift */,
				FA820BD32911F31000CA50AE /* Assets.xcassets */,
				FA820BD52911F31000CA50AE /* Preview Content */,
				FA820BDF29121A0700CA50AE /* ViewModelWatch.swift */,
			);
			path = "hw7_watch Watch App";
			sourceTree = "<group>";
		};
		FA820BD52911F31000CA50AE /* Preview Content */ = {
			isa = PBXGroup;
			children = (
				FA820BD62911F31000CA50AE /* Preview Assets.xcassets */,
			);
			path = "Preview Content";
			sourceTree = "<group>";
		};
/* End PBXGroup section */

/* Begin PBXNativeTarget section */
		FA820BB12911EF5000CA50AE /* hw7 */ = {
			isa = PBXNativeTarget;
			buildConfigurationList = FA820BC62911EF5200CA50AE /* Build configuration list for PBXNativeTarget "hw7" */;
			buildPhases = (
				FA820BAE2911EF5000CA50AE /* Sources */,
				FA820BAF2911EF5000CA50AE /* Frameworks */,
				FA820BB02911EF5000CA50AE /* Resources */,
				FA820BDE2911F31000CA50AE /* Embed Watch Content */,
			);
			buildRules = (
			);
			dependencies = (
				FA820BD92911F31000CA50AE /* PBXTargetDependency */,
			);
			name = hw7;
			productName = hw7;
			productReference = FA820BB22911EF5000CA50AE /* hw7.app */;
			productType = "com.apple.product-type.application";
		};
		FA820BCC2911F30E00CA50AE /* hw7_watch Watch App */ = {
			isa = PBXNativeTarget;
			buildConfigurationList = FA820BDB2911F31000CA50AE /* Build configuration list for PBXNativeTarget "hw7_watch Watch App" */;
			buildPhases = (
				FA820BC92911F30E00CA50AE /* Sources */,
				FA820BCA2911F30E00CA50AE /* Frameworks */,
				FA820BCB2911F30E00CA50AE /* Resources */,
			);
			buildRules = (
			);
			dependencies = (
			);
			name = "hw7_watch Watch App";
			productName = "hw7_watch Watch App";
			productReference = FA820BCD2911F30E00CA50AE /* hw7_watch Watch App.app */;
			productType = "com.apple.product-type.application";
		};
/* End PBXNativeTarget section */

/* Begin PBXProject section */
		FA820BAA2911EF4F00CA50AE /* Project object */ = {
			isa = PBXProject;
			attributes = {
				BuildIndependentTargetsInParallel = 1;
				LastSwiftUpdateCheck = 1400;
				LastUpgradeCheck = 1400;
				TargetAttributes = {
					FA820BB12911EF5000CA50AE = {
						CreatedOnToolsVersion = 14.0.1;
					};
					FA820BCC2911F30E00CA50AE = {
						CreatedOnToolsVersion = 14.0.1;
					};
				};
			};
			buildConfigurationList = FA820BAD2911EF4F00CA50AE /* Build configuration list for PBXProject "hw7" */;
			compatibilityVersion = "Xcode 14.0";
			developmentRegion = en;
			hasScannedForEncodings = 0;
			knownRegions = (
				en,
				Base,
			);
			mainGroup = FA820BA92911EF4F00CA50AE;
			productRefGroup = FA820BB32911EF5000CA50AE /* Products */;
			projectDirPath = "";
			projectRoot = "";
			targets = (
				FA820BB12911EF5000CA50AE /* hw7 */,
				FA820BCC2911F30E00CA50AE /* hw7_watch Watch App */,
			);
		};
/* End PBXProject section */

/* Begin PBXResourcesBuildPhase section */
		FA820BB02911EF5000CA50AE /* Resources */ = {
			isa = PBXResourcesBuildPhase;
			buildActionMask = 2147483647;
			files = (
				FA820BC22911EF5200CA50AE /* LaunchScreen.storyboard in Resources */,
				FA820BBF2911EF5200CA50AE /* Assets.xcassets in Resources */,
				FA820BBD2911EF5000CA50AE /* Main.storyboard in Resources */,
			);
			runOnlyForDeploymentPostprocessing = 0;
		};
		FA820BCB2911F30E00CA50AE /* Resources */ = {
			isa = PBXResourcesBuildPhase;
			buildActionMask = 2147483647;
			files = (
				FA820BD72911F31000CA50AE /* Preview Assets.xcassets in Resources */,
				FA820BD42911F31000CA50AE /* Assets.xcassets in Resources */,
			);
			runOnlyForDeploymentPostprocessing = 0;
		};
/* End PBXResourcesBuildPhase section */

/* Begin PBXSourcesBuildPhase section */
		FA820BAE2911EF5000CA50AE /* Sources */ = {
			isa = PBXSourcesBuildPhase;
			buildActionMask = 2147483647;
			files = (
				FA820BBA2911EF5000CA50AE /* ViewController.swift in Sources */,
				FA820BB62911EF5000CA50AE /* AppDelegate.swift in Sources */,
				FA820BB82911EF5000CA50AE /* SceneDelegate.swift in Sources */,
			);
			runOnlyForDeploymentPostprocessing = 0;
		};
		FA820BC92911F30E00CA50AE /* Sources */ = {
			isa = PBXSourcesBuildPhase;
			buildActionMask = 2147483647;
			files = (
				FA820BD22911F30E00CA50AE /* ContentView.swift in Sources */,
				FA820BE029121A0700CA50AE /* ViewModelWatch.swift in Sources */,
				FA820BD02911F30E00CA50AE /* hw7_watchApp.swift in Sources */,
			);
			runOnlyForDeploymentPostprocessing = 0;
		};
/* End PBXSourcesBuildPhase section */

/* Begin PBXTargetDependency section */
		FA820BD92911F31000CA50AE /* PBXTargetDependency */ = {
			isa = PBXTargetDependency;
			target = FA820BCC2911F30E00CA50AE /* hw7_watch Watch App */;
			targetProxy = FA820BD82911F31000CA50AE /* PBXContainerItemProxy */;
		};
/* End PBXTargetDependency section */

/* Begin PBXVariantGroup section */
		FA820BBB2911EF5000CA50AE /* Main.storyboard */ = {
			isa = PBXVariantGroup;
			children = (
				FA820BBC2911EF5000CA50AE /* Base */,
			);
			name = Main.storyboard;
			sourceTree = "<group>";
		};
		FA820BC02911EF5200CA50AE /* LaunchScreen.storyboard */ = {
			isa = PBXVariantGroup;
			children = (
				FA820BC12911EF5200CA50AE /* Base */,
			);
			name = LaunchScreen.storyboard;
			sourceTree = "<group>";
		};
/* End PBXVariantGroup section */

/* Begin XCBuildConfiguration section */
		FA820BC42911EF5200CA50AE /* Debug */ = {
			isa = XCBuildConfiguration;
			buildSettings = {
				ALWAYS_SEARCH_USER_PATHS = NO;
				CLANG_ANALYZER_NONNULL = YES;
				CLANG_ANALYZER_NUMBER_OBJECT_CONVERSION = YES_AGGRESSIVE;
				CLANG_CXX_LANGUAGE_STANDARD = "gnu++20";
				CLANG_ENABLE_MODULES = YES;
				CLANG_ENABLE_OBJC_ARC = YES;
				CLANG_ENABLE_OBJC_WEAK = YES;
				CLANG_WARN_BLOCK_CAPTURE_AUTORELEASING = YES;
				CLANG_WARN_BOOL_CONVERSION = YES;
				CLANG_WARN_COMMA = YES;
				CLANG_WARN_CONSTANT_CONVERSION = YES;
				CLANG_WARN_DEPRECATED_OBJC_IMPLEMENTATIONS = YES;
				CLANG_WARN_DIRECT_OBJC_ISA_USAGE = YES_ERROR;
				CLANG_WARN_DOCUMENTATION_COMMENTS = YES;
				CLANG_WARN_EMPTY_BODY = YES;
				CLANG_WARN_ENUM_CONVERSION = YES;
				CLANG_WARN_INFINITE_RECURSION = YES;
				CLANG_WARN_INT_CONVERSION = YES;
				CLANG_WARN_NON_LITERAL_NULL_CONVERSION = YES;
				CLANG_WARN_OBJC_IMPLICIT_RETAIN_SELF = YES;
				CLANG_WARN_OBJC_LITERAL_CONVERSION = YES;
				CLANG_WARN_OBJC_ROOT_CLASS = YES_ERROR;
				CLANG_WARN_QUOTED_INCLUDE_IN_FRAMEWORK_HEADER = YES;
				CLANG_WARN_RANGE_LOOP_ANALYSIS = YES;
				CLANG_WARN_STRICT_PROTOTYPES = YES;
				CLANG_WARN_SUSPICIOUS_MOVE = YES;
				CLANG_WARN_UNGUARDED_AVAILABILITY = YES_AGGRESSIVE;
				CLANG_WARN_UNREACHABLE_CODE = YES;
				CLANG_WARN__DUPLICATE_METHOD_MATCH = YES;
				COPY_PHASE_STRIP = NO;
				DEBUG_INFORMATION_FORMAT = dwarf;
				ENABLE_STRICT_OBJC_MSGSEND = YES;
				ENABLE_TESTABILITY = YES;
				GCC_C_LANGUAGE_STANDARD = gnu11;
				GCC_DYNAMIC_NO_PIC = NO;
				GCC_NO_COMMON_BLOCKS = YES;
				GCC_OPTIMIZATION_LEVEL = 0;
				GCC_PREPROCESSOR_DEFINITIONS = (
					"DEBUG=1",
					"$(inherited)",
				);
				GCC_WARN_64_TO_32_BIT_CONVERSION = YES;
				GCC_WARN_ABOUT_RETURN_TYPE = YES_ERROR;
				GCC_WARN_UNDECLARED_SELECTOR = YES;
				GCC_WARN_UNINITIALIZED_AUTOS = YES_AGGRESSIVE;
				GCC_WARN_UNUSED_FUNCTION = YES;
				GCC_WARN_UNUSED_VARIABLE = YES;
				IPHONEOS_DEPLOYMENT_TARGET = 16.0;
				MTL_ENABLE_DEBUG_INFO = INCLUDE_SOURCE;
				MTL_FAST_MATH = YES;
				ONLY_ACTIVE_ARCH = YES;
				SDKROOT = iphoneos;
				SWIFT_ACTIVE_COMPILATION_CONDITIONS = DEBUG;
				SWIFT_OPTIMIZATION_LEVEL = "-Onone";
			};
			name = Debug;
		};
		FA820BC52911EF5200CA50AE /* Release */ = {
			isa = XCBuildConfiguration;
			buildSettings = {
				ALWAYS_SEARCH_USER_PATHS = NO;
				CLANG_ANALYZER_NONNULL = YES;
				CLANG_ANALYZER_NUMBER_OBJECT_CONVERSION = YES_AGGRESSIVE;
				CLANG_CXX_LANGUAGE_STANDARD = "gnu++20";
				CLANG_ENABLE_MODULES = YES;
				CLANG_ENABLE_OBJC_ARC = YES;
				CLANG_ENABLE_OBJC_WEAK = YES;
				CLANG_WARN_BLOCK_CAPTURE_AUTORELEASING = YES;
				CLANG_WARN_BOOL_CONVERSION = YES;
				CLANG_WARN_COMMA = YES;
				CLANG_WARN_CONSTANT_CONVERSION = YES;
				CLANG_WARN_DEPRECATED_OBJC_IMPLEMENTATIONS = YES;
				CLANG_WARN_DIRECT_OBJC_ISA_USAGE = YES_ERROR;
				CLANG_WARN_DOCUMENTATION_COMMENTS = YES;
				CLANG_WARN_EMPTY_BODY = YES;
				CLANG_WARN_ENUM_CONVERSION = YES;
				CLANG_WARN_INFINITE_RECURSION = YES;
				CLANG_WARN_INT_CONVERSION = YES;
				CLANG_WARN_NON_LITERAL_NULL_CONVERSION = YES;
				CLANG_WARN_OBJC_IMPLICIT_RETAIN_SELF = YES;
				CLANG_WARN_OBJC_LITERAL_CONVERSION = YES;
				CLANG_WARN_OBJC_ROOT_CLASS = YES_ERROR;
				CLANG_WARN_QUOTED_INCLUDE_IN_FRAMEWORK_HEADER = YES;
				CLANG_WARN_RANGE_LOOP_ANALYSIS = YES;
				CLANG_WARN_STRICT_PROTOTYPES = YES;
				CLANG_WARN_SUSPICIOUS_MOVE = YES;
				CLANG_WARN_UNGUARDED_AVAILABILITY = YES_AGGRESSIVE;
				CLANG_WARN_UNREACHABLE_CODE = YES;
				CLANG_WARN__DUPLICATE_METHOD_MATCH = YES;
				COPY_PHASE_STRIP = NO;
				DEBUG_INFORMATION_FORMAT = "dwarf-with-dsym";
				ENABLE_NS_ASSERTIONS = NO;
				ENABLE_STRICT_OBJC_MSGSEND = YES;
				GCC_C_LANGUAGE_STANDARD = gnu11;
				GCC_NO_COMMON_BLOCKS = YES;
				GCC_WARN_64_TO_32_BIT_CONVERSION = YES;
				GCC_WARN_ABOUT_RETURN_TYPE = YES_ERROR;
				GCC_WARN_UNDECLARED_SELECTOR = YES;
				GCC_WARN_UNINITIALIZED_AUTOS = YES_AGGRESSIVE;
				GCC_WARN_UNUSED_FUNCTION = YES;
				GCC_WARN_UNUSED_VARIABLE = YES;
				IPHONEOS_DEPLOYMENT_TARGET = 16.0;
				MTL_ENABLE_DEBUG_INFO = NO;
				MTL_FAST_MATH = YES;
				SDKROOT = iphoneos;
				SWIFT_COMPILATION_MODE = wholemodule;
				SWIFT_OPTIMIZATION_LEVEL = "-O";
				VALIDATE_PRODUCT = YES;
			};
			name = Release;
		};
		FA820BC72911EF5200CA50AE /* Debug */ = {
			isa = XCBuildConfiguration;
			buildSettings = {
				ALWAYS_EMBED_SWIFT_STANDARD_LIBRARIES = YES;
				ASSETCATALOG_COMPILER_APPICON_NAME = AppIcon;
				ASSETCATALOG_COMPILER_GLOBAL_ACCENT_COLOR_NAME = AccentColor;
				CODE_SIGN_STYLE = Automatic;
				CURRENT_PROJECT_VERSION = 1;
				DEVELOPMENT_TEAM = 354FFT96SW;
				GENERATE_INFOPLIST_FILE = YES;
				INFOPLIST_FILE = hw7/Info.plist;
				INFOPLIST_KEY_UIApplicationSupportsIndirectInputEvents = YES;
				INFOPLIST_KEY_UILaunchStoryboardName = LaunchScreen;
				INFOPLIST_KEY_UIMainStoryboardFile = Main;
				INFOPLIST_KEY_UISupportedInterfaceOrientations_iPad = "UIInterfaceOrientationPortrait UIInterfaceOrientationPortraitUpsideDown UIInterfaceOrientationLandscapeLeft UIInterfaceOrientationLandscapeRight";
				INFOPLIST_KEY_UISupportedInterfaceOrientations_iPhone = "UIInterfaceOrientationPortrait UIInterfaceOrientationLandscapeLeft UIInterfaceOrientationLandscapeRight";
				LD_RUNPATH_SEARCH_PATHS = (
					"$(inherited)",
					"@executable_path/Frameworks",
				);
				MARKETING_VERSION = 1.0;
				PRODUCT_BUNDLE_IDENTIFIER = uh.hw7;
				PRODUCT_NAME = "$(TARGET_NAME)";
				SWIFT_EMIT_LOC_STRINGS = YES;
				SWIFT_VERSION = 5.0;
				TARGETED_DEVICE_FAMILY = "1,2";
			};
			name = Debug;
		};
		FA820BC82911EF5200CA50AE /* Release */ = {
			isa = XCBuildConfiguration;
			buildSettings = {
				ALWAYS_EMBED_SWIFT_STANDARD_LIBRARIES = YES;
				ASSETCATALOG_COMPILER_APPICON_NAME = AppIcon;
				ASSETCATALOG_COMPILER_GLOBAL_ACCENT_COLOR_NAME = AccentColor;
				CODE_SIGN_STYLE = Automatic;
				CURRENT_PROJECT_VERSION = 1;
				DEVELOPMENT_TEAM = 354FFT96SW;
				GENERATE_INFOPLIST_FILE = YES;
				INFOPLIST_FILE = hw7/Info.plist;
				INFOPLIST_KEY_UIApplicationSupportsIndirectInputEvents = YES;
				INFOPLIST_KEY_UILaunchStoryboardName = LaunchScreen;
				INFOPLIST_KEY_UIMainStoryboardFile = Main;
				INFOPLIST_KEY_UISupportedInterfaceOrientations_iPad = "UIInterfaceOrientationPortrait UIInterfaceOrientationPortraitUpsideDown UIInterfaceOrientationLandscapeLeft UIInterfaceOrientationLandscapeRight";
				INFOPLIST_KEY_UISupportedInterfaceOrientations_iPhone = "UIInterfaceOrientationPortrait UIInterfaceOrientationLandscapeLeft UIInterfaceOrientationLandscapeRight";
				LD_RUNPATH_SEARCH_PATHS = (
					"$(inherited)",
					"@executable_path/Frameworks",
				);
				MARKETING_VERSION = 1.0;
				PRODUCT_BUNDLE_IDENTIFIER = uh.hw7;
				PRODUCT_NAME = "$(TARGET_NAME)";
				SWIFT_EMIT_LOC_STRINGS = YES;
				SWIFT_VERSION = 5.0;
				TARGETED_DEVICE_FAMILY = "1,2";
			};
			name = Release;
		};
		FA820BDC2911F31000CA50AE /* Debug */ = {
			isa = XCBuildConfiguration;
			buildSettings = {
				ASSETCATALOG_COMPILER_APPICON_NAME = AppIcon;
				ASSETCATALOG_COMPILER_GLOBAL_ACCENT_COLOR_NAME = AccentColor;
				CODE_SIGN_STYLE = Automatic;
				CURRENT_PROJECT_VERSION = 1;
				DEVELOPMENT_ASSET_PATHS = "\"hw7_watch Watch App/Preview Content\"";
				DEVELOPMENT_TEAM = 354FFT96SW;
				ENABLE_PREVIEWS = YES;
				GENERATE_INFOPLIST_FILE = YES;
				INFOPLIST_KEY_CFBundleDisplayName = hw7_watch;
				INFOPLIST_KEY_UISupportedInterfaceOrientations = "UIInterfaceOrientationPortrait UIInterfaceOrientationPortraitUpsideDown";
				INFOPLIST_KEY_WKCompanionAppBundleIdentifier = uh.hw7;
				LD_RUNPATH_SEARCH_PATHS = (
					"$(inherited)",
					"@executable_path/Frameworks",
				);
				MARKETING_VERSION = 1.0;
				PRODUCT_BUNDLE_IDENTIFIER = uh.hw7.watchkitapp;
				PRODUCT_NAME = "$(TARGET_NAME)";
				SDKROOT = watchos;
				SKIP_INSTALL = YES;
				SWIFT_EMIT_LOC_STRINGS = YES;
				SWIFT_VERSION = 5.0;
				TARGETED_DEVICE_FAMILY = 4;
				WATCHOS_DEPLOYMENT_TARGET = 9.0;
			};
			name = Debug;
		};
		FA820BDD2911F31000CA50AE /* Release */ = {
			isa = XCBuildConfiguration;
			buildSettings = {
				ASSETCATALOG_COMPILER_APPICON_NAME = AppIcon;
				ASSETCATALOG_COMPILER_GLOBAL_ACCENT_COLOR_NAME = AccentColor;
				CODE_SIGN_STYLE = Automatic;
				CURRENT_PROJECT_VERSION = 1;
				DEVELOPMENT_ASSET_PATHS = "\"hw7_watch Watch App/Preview Content\"";
				DEVELOPMENT_TEAM = 354FFT96SW;
				ENABLE_PREVIEWS = YES;
				GENERATE_INFOPLIST_FILE = YES;
				INFOPLIST_KEY_CFBundleDisplayName = hw7_watch;
				INFOPLIST_KEY_UISupportedInterfaceOrientations = "UIInterfaceOrientationPortrait UIInterfaceOrientationPortraitUpsideDown";
				INFOPLIST_KEY_WKCompanionAppBundleIdentifier = uh.hw7;
				LD_RUNPATH_SEARCH_PATHS = (
					"$(inherited)",
					"@executable_path/Frameworks",
				);
				MARKETING_VERSION = 1.0;
				PRODUCT_BUNDLE_IDENTIFIER = uh.hw7.watchkitapp;
				PRODUCT_NAME = "$(TARGET_NAME)";
				SDKROOT = watchos;
				SKIP_INSTALL = YES;
				SWIFT_EMIT_LOC_STRINGS = YES;
				SWIFT_VERSION = 5.0;
				TARGETED_DEVICE_FAMILY = 4;
				WATCHOS_DEPLOYMENT_TARGET = 9.0;
			};
			name = Release;
		};
/* End XCBuildConfiguration section */

/* Begin XCConfigurationList section */
		FA820BAD2911EF4F00CA50AE /* Build configuration list for PBXProject "hw7" */ = {
			isa = XCConfigurationList;
			buildConfigurations = (
				FA820BC42911EF5200CA50AE /* Debug */,
				FA820BC52911EF5200CA50AE /* Release */,
			);
			defaultConfigurationIsVisible = 0;
			defaultConfigurationName = Release;
		};
		FA820BC62911EF5200CA50AE /* Build configuration list for PBXNativeTarget "hw7" */ = {
			isa = XCConfigurationList;
			buildConfigurations = (
				FA820BC72911EF5200CA50AE /* Debug */,
				FA820BC82911EF5200CA50AE /* Release */,
			);
			defaultConfigurationIsVisible = 0;
			defaultConfigurationName = Release;
		};
		FA820BDB2911F31000CA50AE /* Build configuration list for PBXNativeTarget "hw7_watch Watch App" */ = {
			isa = XCConfigurationList;
			buildConfigurations = (
				FA820BDC2911F31000CA50AE /* Debug */,
				FA820BDD2911F31000CA50AE /* Release */,
			);
			defaultConfigurationIsVisible = 0;
			defaultConfigurationName = Release;
		};
/* End XCConfigurationList section */
	};
	rootObject = FA820BAA2911EF4F00CA50AE /* Project object */;
}
