// !$*UTF8*$!
{
	archiveVersion = 1;
	classes = {
	};
	objectVersion = 54;
	objects = {

/* Begin PBXBuildFile section */
		38AF9FA0273C212C00DC949A /* AppDelegate.swift in Sources */ = {isa = PBXBuildFile; fileRef = 38AF9F9F273C212C00DC949A /* AppDelegate.swift */; };
		38AF9FA2273C212C00DC949A /* SceneDelegate.swift in Sources */ = {isa = PBXBuildFile; fileRef = 38AF9FA1273C212C00DC949A /* SceneDelegate.swift */; };
		38AF9FA7273C212C00DC949A /* Main.storyboard in Resources */ = {isa = PBXBuildFile; fileRef = 38AF9FA5273C212C00DC949A /* Main.storyboard */; };
		38AF9FA9273C212F00DC949A /* Assets.xcassets in Resources */ = {isa = PBXBuildFile; fileRef = 38AF9FA8273C212F00DC949A /* Assets.xcassets */; };
		38AF9FAC273C212F00DC949A /* LaunchScreen.storyboard in Resources */ = {isa = PBXBuildFile; fileRef = 38AF9FAA273C212F00DC949A /* LaunchScreen.storyboard */; };
		38AF9FB4273C267400DC949A /* ImageClassifierViewController.swift in Sources */ = {isa = PBXBuildFile; fileRef = 38AF9FB3273C267400DC949A /* ImageClassifierViewController.swift */; };
		38AF9FB6273C268200DC949A /* TextAnalyzerViewController.swift in Sources */ = {isa = PBXBuildFile; fileRef = 38AF9FB5273C268200DC949A /* TextAnalyzerViewController.swift */; };
		38AF9FB8273C269F00DC949A /* Resnet50.mlmodel in Sources */ = {isa = PBXBuildFile; fileRef = 38AF9FB7273C269F00DC949A /* Resnet50.mlmodel */; };
/* End PBXBuildFile section */

/* Begin PBXFileReference section */
		38AF9F9C273C212C00DC949A /* Exercise-Week12-Solution.app */ = {isa = PBXFileReference; explicitFileType = wrapper.application; includeInIndex = 0; path = "Exercise-Week12-Solution.app"; sourceTree = BUILT_PRODUCTS_DIR; };
		38AF9F9F273C212C00DC949A /* AppDelegate.swift */ = {isa = PBXFileReference; lastKnownFileType = sourcecode.swift; path = AppDelegate.swift; sourceTree = "<group>"; };
		38AF9FA1273C212C00DC949A /* SceneDelegate.swift */ = {isa = PBXFileReference; lastKnownFileType = sourcecode.swift; path = SceneDelegate.swift; sourceTree = "<group>"; };
		38AF9FA6273C212C00DC949A /* Base */ = {isa = PBXFileReference; lastKnownFileType = file.storyboard; name = Base; path = Base.lproj/Main.storyboard; sourceTree = "<group>"; };
		38AF9FA8273C212F00DC949A /* Assets.xcassets */ = {isa = PBXFileReference; lastKnownFileType = folder.assetcatalog; path = Assets.xcassets; sourceTree = "<group>"; };
		38AF9FAB273C212F00DC949A /* Base */ = {isa = PBXFileReference; lastKnownFileType = file.storyboard; name = Base; path = Base.lproj/LaunchScreen.storyboard; sourceTree = "<group>"; };
		38AF9FAD273C212F00DC949A /* Info.plist */ = {isa = PBXFileReference; lastKnownFileType = text.plist.xml; path = Info.plist; sourceTree = "<group>"; };
		38AF9FB3273C267400DC949A /* ImageClassifierViewController.swift */ = {isa = PBXFileReference; lastKnownFileType = sourcecode.swift; path = ImageClassifierViewController.swift; sourceTree = "<group>"; };
		38AF9FB5273C268200DC949A /* TextAnalyzerViewController.swift */ = {isa = PBXFileReference; lastKnownFileType = sourcecode.swift; path = TextAnalyzerViewController.swift; sourceTree = "<group>"; };
		38AF9FB7273C269F00DC949A /* Resnet50.mlmodel */ = {isa = PBXFileReference; lastKnownFileType = file.mlmodel; path = Resnet50.mlmodel; sourceTree = "<group>"; };
/* End PBXFileReference section */

/* Begin PBXFrameworksBuildPhase section */
		38AF9F99273C212C00DC949A /* Frameworks */ = {
			isa = PBXFrameworksBuildPhase;
			buildActionMask = 2147483647;
			files = (
			);
			runOnlyForDeploymentPostprocessing = 0;
		};
/* End PBXFrameworksBuildPhase section */

/* Begin PBXGroup section */
		38AF9F93273C212C00DC949A = {
			isa = PBXGroup;
			children = (
				38AF9F9E273C212C00DC949A /* Exercise-Week12-Solution */,
				38AF9F9D273C212C00DC949A /* Products */,
			);
			sourceTree = "<group>";
		};
		38AF9F9D273C212C00DC949A /* Products */ = {
			isa = PBXGroup;
			children = (
				38AF9F9C273C212C00DC949A /* Exercise-Week12-Solution.app */,
			);
			name = Products;
			sourceTree = "<group>";
		};
		38AF9F9E273C212C00DC949A /* Exercise-Week12-Solution */ = {
			isa = PBXGroup;
			children = (
				38AF9FB7273C269F00DC949A /* Resnet50.mlmodel */,
				38AF9F9F273C212C00DC949A /* AppDelegate.swift */,
				38AF9FA1273C212C00DC949A /* SceneDelegate.swift */,
				38AF9FA5273C212C00DC949A /* Main.storyboard */,
				38AF9FA8273C212F00DC949A /* Assets.xcassets */,
				38AF9FAA273C212F00DC949A /* LaunchScreen.storyboard */,
				38AF9FAD273C212F00DC949A /* Info.plist */,
				38AF9FB3273C267400DC949A /* ImageClassifierViewController.swift */,
				38AF9FB5273C268200DC949A /* TextAnalyzerViewController.swift */,
			);
			path = "Exercise-Week12-Solution";
			sourceTree = "<group>";
		};
/* End PBXGroup section */

/* Begin PBXNativeTarget section */
		38AF9F9B273C212C00DC949A /* Exercise-Week12-Solution */ = {
			isa = PBXNativeTarget;
			buildConfigurationList = 38AF9FB0273C212F00DC949A /* Build configuration list for PBXNativeTarget "Exercise-Week12-Solution" */;
			buildPhases = (
				38AF9F98273C212C00DC949A /* Sources */,
				38AF9F99273C212C00DC949A /* Frameworks */,
				38AF9F9A273C212C00DC949A /* Resources */,
			);
			buildRules = (
			);
			dependencies = (
			);
			name = "Exercise-Week12-Solution";
			productName = "Exercise-Week12-Solution";
			productReference = 38AF9F9C273C212C00DC949A /* Exercise-Week12-Solution.app */;
			productType = "com.apple.product-type.application";
		};
/* End PBXNativeTarget section */

/* Begin PBXProject section */
		38AF9F94273C212C00DC949A /* Project object */ = {
			isa = PBXProject;
			attributes = {
				BuildIndependentTargetsInParallel = 1;
				LastSwiftUpdateCheck = 1300;
				LastUpgradeCheck = 1300;
				TargetAttributes = {
					38AF9F9B273C212C00DC949A = {
						CreatedOnToolsVersion = 13.0;
					};
				};
			};
			buildConfigurationList = 38AF9F97273C212C00DC949A /* Build configuration list for PBXProject "Exercise-Week12-Solution" */;
			compatibilityVersion = "Xcode 12.0";
			developmentRegion = en;
			hasScannedForEncodings = 0;
			knownRegions = (
				en,
				Base,
			);
			mainGroup = 38AF9F93273C212C00DC949A;
			productRefGroup = 38AF9F9D273C212C00DC949A /* Products */;
			projectDirPath = "";
			projectRoot = "";
			targets = (
				38AF9F9B273C212C00DC949A /* Exercise-Week12-Solution */,
			);
		};
/* End PBXProject section */

/* Begin PBXResourcesBuildPhase section */
		38AF9F9A273C212C00DC949A /* Resources */ = {
			isa = PBXResourcesBuildPhase;
			buildActionMask = 2147483647;
			files = (
				38AF9FAC273C212F00DC949A /* LaunchScreen.storyboard in Resources */,
				38AF9FA9273C212F00DC949A /* Assets.xcassets in Resources */,
				38AF9FA7273C212C00DC949A /* Main.storyboard in Resources */,
			);
			runOnlyForDeploymentPostprocessing = 0;
		};
/* End PBXResourcesBuildPhase section */

/* Begin PBXSourcesBuildPhase section */
		38AF9F98273C212C00DC949A /* Sources */ = {
			isa = PBXSourcesBuildPhase;
			buildActionMask = 2147483647;
			files = (
				38AF9FB8273C269F00DC949A /* Resnet50.mlmodel in Sources */,
				38AF9FA0273C212C00DC949A /* AppDelegate.swift in Sources */,
				38AF9FB4273C267400DC949A /* ImageClassifierViewController.swift in Sources */,
				38AF9FB6273C268200DC949A /* TextAnalyzerViewController.swift in Sources */,
				38AF9FA2273C212C00DC949A /* SceneDelegate.swift in Sources */,
			);
			runOnlyForDeploymentPostprocessing = 0;
		};
/* End PBXSourcesBuildPhase section */

/* Begin PBXVariantGroup section */
		38AF9FA5273C212C00DC949A /* Main.storyboard */ = {
			isa = PBXVariantGroup;
			children = (
				38AF9FA6273C212C00DC949A /* Base */,
			);
			name = Main.storyboard;
			sourceTree = "<group>";
		};
		38AF9FAA273C212F00DC949A /* LaunchScreen.storyboard */ = {
			isa = PBXVariantGroup;
			children = (
				38AF9FAB273C212F00DC949A /* Base */,
			);
			name = LaunchScreen.storyboard;
			sourceTree = "<group>";
		};
/* End PBXVariantGroup section */

/* Begin XCBuildConfiguration section */
		38AF9FAE273C212F00DC949A /* Debug */ = {
			isa = XCBuildConfiguration;
			buildSettings = {
				ALWAYS_SEARCH_USER_PATHS = NO;
				CLANG_ANALYZER_NONNULL = YES;
				CLANG_ANALYZER_NUMBER_OBJECT_CONVERSION = YES_AGGRESSIVE;
				CLANG_CXX_LANGUAGE_STANDARD = "gnu++17";
				CLANG_CXX_LIBRARY = "libc++";
				CLANG_ENABLE_MODULES = YES;
				CLANG_ENABLE_OBJC_ARC = YES;
				CLANG_ENABLE_OBJC_WEAK = YES;
				CLANG_WARN_BLOCK_CAPTURE_AUTORELEASING = YES;
				CLANG_WARN_BOOL_CONVERSION = YES;
				CLANG_WARN_COMMA = YES;
				CLANG_WARN_CONSTANT_CONVERSION = YES;
				CLANG_WARN_DEPRECATED_OBJC_IMPLEMENTATIONS = YES;
				CLANG_WARN_DIRECT_OBJC_ISA_USAGE = YES_ERROR;
				CLANG_WARN_DOCUMENTATION_COMMENTS = YES;
				CLANG_WARN_EMPTY_BODY = YES;
				CLANG_WARN_ENUM_CONVERSION = YES;
				CLANG_WARN_INFINITE_RECURSION = YES;
				CLANG_WARN_INT_CONVERSION = YES;
				CLANG_WARN_NON_LITERAL_NULL_CONVERSION = YES;
				CLANG_WARN_OBJC_IMPLICIT_RETAIN_SELF = YES;
				CLANG_WARN_OBJC_LITERAL_CONVERSION = YES;
				CLANG_WARN_OBJC_ROOT_CLASS = YES_ERROR;
				CLANG_WARN_QUOTED_INCLUDE_IN_FRAMEWORK_HEADER = YES;
				CLANG_WARN_RANGE_LOOP_ANALYSIS = YES;
				CLANG_WARN_STRICT_PROTOTYPES = YES;
				CLANG_WARN_SUSPICIOUS_MOVE = YES;
				CLANG_WARN_UNGUARDED_AVAILABILITY = YES_AGGRESSIVE;
				CLANG_WARN_UNREACHABLE_CODE = YES;
				CLANG_WARN__DUPLICATE_METHOD_MATCH = YES;
				COPY_PHASE_STRIP = NO;
				DEBUG_INFORMATION_FORMAT = dwarf;
				ENABLE_STRICT_OBJC_MSGSEND = YES;
				ENABLE_TESTABILITY = YES;
				GCC_C_LANGUAGE_STANDARD = gnu11;
				GCC_DYNAMIC_NO_PIC = NO;
				GCC_NO_COMMON_BLOCKS = YES;
				GCC_OPTIMIZATION_LEVEL = 0;
				GCC_PREPROCESSOR_DEFINITIONS = (
					"DEBUG=1",
					"$(inherited)",
				);
				GCC_WARN_64_TO_32_BIT_CONVERSION = YES;
				GCC_WARN_ABOUT_RETURN_TYPE = YES_ERROR;
				GCC_WARN_UNDECLARED_SELECTOR = YES;
				GCC_WARN_UNINITIALIZED_AUTOS = YES_AGGRESSIVE;
				GCC_WARN_UNUSED_FUNCTION = YES;
				GCC_WARN_UNUSED_VARIABLE = YES;
				IPHONEOS_DEPLOYMENT_TARGET = 15.0;
				MTL_ENABLE_DEBUG_INFO = INCLUDE_SOURCE;
				MTL_FAST_MATH = YES;
				ONLY_ACTIVE_ARCH = YES;
				SDKROOT = iphoneos;
				SWIFT_ACTIVE_COMPILATION_CONDITIONS = DEBUG;
				SWIFT_OPTIMIZATION_LEVEL = "-Onone";
			};
			name = Debug;
		};
		38AF9FAF273C212F00DC949A /* Release */ = {
			isa = XCBuildConfiguration;
			buildSettings = {
				ALWAYS_SEARCH_USER_PATHS = NO;
				CLANG_ANALYZER_NONNULL = YES;
				CLANG_ANALYZER_NUMBER_OBJECT_CONVERSION = YES_AGGRESSIVE;
				CLANG_CXX_LANGUAGE_STANDARD = "gnu++17";
				CLANG_CXX_LIBRARY = "libc++";
				CLANG_ENABLE_MODULES = YES;
				CLANG_ENABLE_OBJC_ARC = YES;
				CLANG_ENABLE_OBJC_WEAK = YES;
				CLANG_WARN_BLOCK_CAPTURE_AUTORELEASING = YES;
				CLANG_WARN_BOOL_CONVERSION = YES;
				CLANG_WARN_COMMA = YES;
				CLANG_WARN_CONSTANT_CONVERSION = YES;
				CLANG_WARN_DEPRECATED_OBJC_IMPLEMENTATIONS = YES;
				CLANG_WARN_DIRECT_OBJC_ISA_USAGE = YES_ERROR;
				CLANG_WARN_DOCUMENTATION_COMMENTS = YES;
				CLANG_WARN_EMPTY_BODY = YES;
				CLANG_WARN_ENUM_CONVERSION = YES;
				CLANG_WARN_INFINITE_RECURSION = YES;
				CLANG_WARN_INT_CONVERSION = YES;
				CLANG_WARN_NON_LITERAL_NULL_CONVERSION = YES;
				CLANG_WARN_OBJC_IMPLICIT_RETAIN_SELF = YES;
				CLANG_WARN_OBJC_LITERAL_CONVERSION = YES;
				CLANG_WARN_OBJC_ROOT_CLASS = YES_ERROR;
				CLANG_WARN_QUOTED_INCLUDE_IN_FRAMEWORK_HEADER = YES;
				CLANG_WARN_RANGE_LOOP_ANALYSIS = YES;
				CLANG_WARN_STRICT_PROTOTYPES = YES;
				CLANG_WARN_SUSPICIOUS_MOVE = YES;
				CLANG_WARN_UNGUARDED_AVAILABILITY = YES_AGGRESSIVE;
				CLANG_WARN_UNREACHABLE_CODE = YES;
				CLANG_WARN__DUPLICATE_METHOD_MATCH = YES;
				COPY_PHASE_STRIP = NO;
				DEBUG_INFORMATION_FORMAT = "dwarf-with-dsym";
				ENABLE_NS_ASSERTIONS = NO;
				ENABLE_STRICT_OBJC_MSGSEND = YES;
				GCC_C_LANGUAGE_STANDARD = gnu11;
				GCC_NO_COMMON_BLOCKS = YES;
				GCC_WARN_64_TO_32_BIT_CONVERSION = YES;
				GCC_WARN_ABOUT_RETURN_TYPE = YES_ERROR;
				GCC_WARN_UNDECLARED_SELECTOR = YES;
				GCC_WARN_UNINITIALIZED_AUTOS = YES_AGGRESSIVE;
				GCC_WARN_UNUSED_FUNCTION = YES;
				GCC_WARN_UNUSED_VARIABLE = YES;
				IPHONEOS_DEPLOYMENT_TARGET = 15.0;
				MTL_ENABLE_DEBUG_INFO = NO;
				MTL_FAST_MATH = YES;
				SDKROOT = iphoneos;
				SWIFT_COMPILATION_MODE = wholemodule;
				SWIFT_OPTIMIZATION_LEVEL = "-O";
				VALIDATE_PRODUCT = YES;
			};
			name = Release;
		};
		38AF9FB1273C212F00DC949A /* Debug */ = {
			isa = XCBuildConfiguration;
			buildSettings = {
				ASSETCATALOG_COMPILER_APPICON_NAME = AppIcon;
				ASSETCATALOG_COMPILER_GLOBAL_ACCENT_COLOR_NAME = AccentColor;
				CODE_SIGN_STYLE = Automatic;
				CURRENT_PROJECT_VERSION = 1;
				DEVELOPMENT_TEAM = 69F73RHS38;
				GENERATE_INFOPLIST_FILE = YES;
				INFOPLIST_FILE = "Exercise-Week12-Solution/Info.plist";
				INFOPLIST_KEY_UIApplicationSupportsIndirectInputEvents = YES;
				INFOPLIST_KEY_UILaunchStoryboardName = LaunchScreen;
				INFOPLIST_KEY_UIMainStoryboardFile = Main;
				INFOPLIST_KEY_UISupportedInterfaceOrientations_iPad = "UIInterfaceOrientationPortrait UIInterfaceOrientationPortraitUpsideDown UIInterfaceOrientationLandscapeLeft UIInterfaceOrientationLandscapeRight";
				INFOPLIST_KEY_UISupportedInterfaceOrientations_iPhone = "UIInterfaceOrientationPortrait UIInterfaceOrientationLandscapeLeft UIInterfaceOrientationLandscapeRight";
				LD_RUNPATH_SEARCH_PATHS = (
					"$(inherited)",
					"@executable_path/Frameworks",
				);
				MARKETING_VERSION = 1.0;
				PRODUCT_BUNDLE_IDENTIFIER = "com.uh.cpl.Exercise-Week12-Solution";
				PRODUCT_NAME = "$(TARGET_NAME)";
				SWIFT_EMIT_LOC_STRINGS = YES;
				SWIFT_VERSION = 5.0;
				TARGETED_DEVICE_FAMILY = "1,2";
			};
			name = Debug;
		};
		38AF9FB2273C212F00DC949A /* Release */ = {
			isa = XCBuildConfiguration;
			buildSettings = {
				ASSETCATALOG_COMPILER_APPICON_NAME = AppIcon;
				ASSETCATALOG_COMPILER_GLOBAL_ACCENT_COLOR_NAME = AccentColor;
				CODE_SIGN_STYLE = Automatic;
				CURRENT_PROJECT_VERSION = 1;
				DEVELOPMENT_TEAM = 69F73RHS38;
				GENERATE_INFOPLIST_FILE = YES;
				INFOPLIST_FILE = "Exercise-Week12-Solution/Info.plist";
				INFOPLIST_KEY_UIApplicationSupportsIndirectInputEvents = YES;
				INFOPLIST_KEY_UILaunchStoryboardName = LaunchScreen;
				INFOPLIST_KEY_UIMainStoryboardFile = Main;
				INFOPLIST_KEY_UISupportedInterfaceOrientations_iPad = "UIInterfaceOrientationPortrait UIInterfaceOrientationPortraitUpsideDown UIInterfaceOrientationLandscapeLeft UIInterfaceOrientationLandscapeRight";
				INFOPLIST_KEY_UISupportedInterfaceOrientations_iPhone = "UIInterfaceOrientationPortrait UIInterfaceOrientationLandscapeLeft UIInterfaceOrientationLandscapeRight";
				LD_RUNPATH_SEARCH_PATHS = (
					"$(inherited)",
					"@executable_path/Frameworks",
				);
				MARKETING_VERSION = 1.0;
				PRODUCT_BUNDLE_IDENTIFIER = "com.uh.cpl.Exercise-Week12-Solution";
				PRODUCT_NAME = "$(TARGET_NAME)";
				SWIFT_EMIT_LOC_STRINGS = YES;
				SWIFT_VERSION = 5.0;
				TARGETED_DEVICE_FAMILY = "1,2";
			};
			name = Release;
		};
/* End XCBuildConfiguration section */

/* Begin XCConfigurationList section */
		38AF9F97273C212C00DC949A /* Build configuration list for PBXProject "Exercise-Week12-Solution" */ = {
			isa = XCConfigurationList;
			buildConfigurations = (
				38AF9FAE273C212F00DC949A /* Debug */,
				38AF9FAF273C212F00DC949A /* Release */,
			);
			defaultConfigurationIsVisible = 0;
			defaultConfigurationName = Release;
		};
		38AF9FB0273C212F00DC949A /* Build configuration list for PBXNativeTarget "Exercise-Week12-Solution" */ = {
			isa = XCConfigurationList;
			buildConfigurations = (
				38AF9FB1273C212F00DC949A /* Debug */,
				38AF9FB2273C212F00DC949A /* Release */,
			);
			defaultConfigurationIsVisible = 0;
			defaultConfigurationName = Release;
		};
/* End XCConfigurationList section */
	};
	rootObject = 38AF9F94273C212C00DC949A /* Project object */;
}
